
Microsoft Visual Studio Solution File, Format Version 12.00
# Visual Studio Version 17
VisualStudioVersion = 17.1.32228.430
MinimumVisualStudioVersion = 10.0.40219.1
Project("{FAE04EC0-301F-11D3-BF4B-00C04F79EFBC}") = "T01.ReverseStrings", "T01.ReverseStrings\T01.ReverseStrings.csproj", "{8026F7D4-EAA7-44DA-AB40-E5F6F11095D8}"
EndProject
Project("{FAE04EC0-301F-11D3-BF4B-00C04F79EFBC}") = "T02.RepeatStrings", "T02.RepeatStrings\T02.RepeatStrings.csproj", "{09C8D736-B62D-45FC-B1FC-BDBFA0E1FF00}"
EndProject
Project("{FAE04EC0-301F-11D3-BF4B-00C04F79EFBC}") = "T03.Substring", "T03.Substring\T03.Substring.csproj", "{825E9BCF-1BB3-4E43-B9FB-299FA8C925ED}"
EndProject
Project("{FAE04EC0-301F-11D3-BF4B-00C04F79EFBC}") = "T04.TextFilter", "T04.TextFilter\T04.TextFilter.csproj", "{77C1547C-8C52-4D0A-955B-059EDDC70A23}"
EndProject
Project("{FAE04EC0-301F-11D3-BF4B-00C04F79EFBC}") = "T05.DigitsLettersAndOther", "T05.DigitsLettersAndOther\T05.DigitsLettersAndOther.csproj", "{FE353334-3B01-4B9B-B3FE-BE6569859DD0}"
EndProject
Global
	GlobalSection(SolutionConfigurationPlatforms) = preSolution
		Debug|Any CPU = Debug|Any CPU
		Release|Any CPU = Release|Any CPU
	EndGlobalSection
	GlobalSection(ProjectConfigurationPlatforms) = postSolution
		{8026F7D4-EAA7-44DA-AB40-E5F6F11095D8}.Debug|Any CPU.ActiveCfg = Debug|Any CPU
		{8026F7D4-EAA7-44DA-AB40-E5F6F11095D8}.Debug|Any CPU.Build.0 = Debug|Any CPU
		{8026F7D4-EAA7-44DA-AB40-E5F6F11095D8}.Release|Any CPU.ActiveCfg = Release|Any CPU
		{8026F7D4-EAA7-44DA-AB40-E5F6F11095D8}.Release|Any CPU.Build.0 = Release|Any CPU
		{09C8D736-B62D-45FC-B1FC-BDBFA0E1FF00}.Debug|Any CPU.ActiveCfg = Debug|Any CPU
		{09C8D736-B62D-45FC-B1FC-BDBFA0E1FF00}.Debug|Any CPU.Build.0 = Debug|Any CPU
		{09C8D736-B62D-45FC-B1FC-BDBFA0E1FF00}.Release|Any CPU.ActiveCfg = Release|Any CPU
		{09C8D736-B62D-45FC-B1FC-BDBFA0E1FF00}.Release|Any CPU.Build.0 = Release|Any CPU
		{825E9BCF-1BB3-4E43-B9FB-299FA8C925ED}.Debug|Any CPU.ActiveCfg = Debug|Any CPU
		{825E9BCF-1BB3-4E43-B9FB-299FA8C925ED}.Debug|Any CPU.Build.0 = Debug|Any CPU
		{825E9BCF-1BB3-4E43-B9FB-299FA8C925ED}.Release|Any CPU.ActiveCfg = Release|Any CPU
		{825E9BCF-1BB3-4E43-B9FB-299FA8C925ED}.Release|Any CPU.Build.0 = Release|Any CPU
		{77C1547C-8C52-4D0A-955B-059EDDC70A23}.Debug|Any CPU.ActiveCfg = Debug|Any CPU
		{77C1547C-8C52-4D0A-955B-059EDDC70A23}.Debug|Any CPU.Build.0 = Debug|Any CPU
		{77C1547C-8C52-4D0A-955B-059EDDC70A23}.Release|Any CPU.ActiveCfg = Release|Any CPU
		{77C1547C-8C52-4D0A-955B-059EDDC70A23}.Release|Any CPU.Build.0 = Release|Any CPU
		{FE353334-3B01-4B9B-B3FE-BE6569859DD0}.Debug|Any CPU.ActiveCfg = Debug|Any CPU
		{FE353334-3B01-4B9B-B3FE-BE6569859DD0}.Debug|Any CPU.Build.0 = Debug|Any CPU
		{FE353334-3B01-4B9B-B3FE-BE6569859DD0}.Release|Any CPU.ActiveCfg = Release|Any CPU
		{FE353334-3B01-4B9B-B3FE-BE6569859DD0}.Release|Any CPU.Build.0 = Release|Any CPU
	EndGlobalSection
	GlobalSection(SolutionProperties) = preSolution
		HideSolutionNode = FALSE
	EndGlobalSection
	GlobalSection(ExtensibilityGlobals) = postSolution
		SolutionGuid = {EB9348E7-BF3C-472B-9DE0-5E9140CE05D4}
	EndGlobalSection
EndGlobal
