
Microsoft Visual Studio Solution File, Format Version 12.00
# Visual Studio Version 17
VisualStudioVersion = 17.1.32228.430
MinimumVisualStudioVersion = 10.0.40219.1
Project("{9A19103F-16F7-4668-BE54-9A1E7A4F7556}") = "T01.MatchFullName", "T01.MatchFullName\T01.MatchFullName.csproj", "{3523D1E7-E1A5-4360-96A7-392FA38068F5}"
EndProject
Project("{FAE04EC0-301F-11D3-BF4B-00C04F79EFBC}") = "T02.MatchPhoneNumber", "T02.MatchPhoneNumber\T02.MatchPhoneNumber.csproj", "{5C1AF357-0082-402F-9EB7-5C4EB7B22456}"
EndProject
Project("{FAE04EC0-301F-11D3-BF4B-00C04F79EFBC}") = "T03.MatchDates", "T03.MatchDates\T03.MatchDates.csproj", "{671C194D-C866-4EBA-844B-13EF1F8307E2}"
EndProject
Global
	GlobalSection(SolutionConfigurationPlatforms) = preSolution
		Debug|Any CPU = Debug|Any CPU
		Release|Any CPU = Release|Any CPU
	EndGlobalSection
	GlobalSection(ProjectConfigurationPlatforms) = postSolution
		{3523D1E7-E1A5-4360-96A7-392FA38068F5}.Debug|Any CPU.ActiveCfg = Debug|Any CPU
		{3523D1E7-E1A5-4360-96A7-392FA38068F5}.Debug|Any CPU.Build.0 = Debug|Any CPU
		{3523D1E7-E1A5-4360-96A7-392FA38068F5}.Release|Any CPU.ActiveCfg = Release|Any CPU
		{3523D1E7-E1A5-4360-96A7-392FA38068F5}.Release|Any CPU.Build.0 = Release|Any CPU
		{5C1AF357-0082-402F-9EB7-5C4EB7B22456}.Debug|Any CPU.ActiveCfg = Debug|Any CPU
		{5C1AF357-0082-402F-9EB7-5C4EB7B22456}.Debug|Any CPU.Build.0 = Debug|Any CPU
		{5C1AF357-0082-402F-9EB7-5C4EB7B22456}.Release|Any CPU.ActiveCfg = Release|Any CPU
		{5C1AF357-0082-402F-9EB7-5C4EB7B22456}.Release|Any CPU.Build.0 = Release|Any CPU
		{671C194D-C866-4EBA-844B-13EF1F8307E2}.Debug|Any CPU.ActiveCfg = Debug|Any CPU
		{671C194D-C866-4EBA-844B-13EF1F8307E2}.Debug|Any CPU.Build.0 = Debug|Any CPU
		{671C194D-C866-4EBA-844B-13EF1F8307E2}.Release|Any CPU.ActiveCfg = Release|Any CPU
		{671C194D-C866-4EBA-844B-13EF1F8307E2}.Release|Any CPU.Build.0 = Release|Any CPU
	EndGlobalSection
	GlobalSection(SolutionProperties) = preSolution
		HideSolutionNode = FALSE
	EndGlobalSection
	GlobalSection(ExtensibilityGlobals) = postSolution
		SolutionGuid = {9AB7091C-540E-45C9-943C-B7B7E3232E1C}
	EndGlobalSection
EndGlobal
