
Microsoft Visual Studio Solution File, Format Version 12.00
# Visual Studio Version 17
VisualStudioVersion = 17.1.32228.430
MinimumVisualStudioVersion = 10.0.40219.1
Project("{9A19103F-16F7-4668-BE54-9A1E7A4F7556}") = "T01.Furniture", "T01.Furniture\T01.Furniture.csproj", "{1F9461ED-3319-447B-AE04-018791D69D78}"
EndProject
Project("{9A19103F-16F7-4668-BE54-9A1E7A4F7556}") = "T02.Race", "T02.Race\T02.Race.csproj", "{C79EC07B-4B28-4126-AE64-1F68399BCD07}"
EndProject
Project("{FAE04EC0-301F-11D3-BF4B-00C04F79EFBC}") = "T03.SoftuniBarIncome", "T03.SoftuniBarIncome\T03.SoftuniBarIncome.csproj", "{92C31687-1449-447C-BE3F-2E4FD997DE56}"
EndProject
Project("{FAE04EC0-301F-11D3-BF4B-00C04F79EFBC}") = "T04.StarEnigma", "T04.StarEnigma\T04.StarEnigma.csproj", "{FFC4CCB6-7180-4D81-AE2A-C8C7D654FD33}"
EndProject
Global
	GlobalSection(SolutionConfigurationPlatforms) = preSolution
		Debug|Any CPU = Debug|Any CPU
		Release|Any CPU = Release|Any CPU
	EndGlobalSection
	GlobalSection(ProjectConfigurationPlatforms) = postSolution
		{1F9461ED-3319-447B-AE04-018791D69D78}.Debug|Any CPU.ActiveCfg = Debug|Any CPU
		{1F9461ED-3319-447B-AE04-018791D69D78}.Debug|Any CPU.Build.0 = Debug|Any CPU
		{1F9461ED-3319-447B-AE04-018791D69D78}.Release|Any CPU.ActiveCfg = Release|Any CPU
		{1F9461ED-3319-447B-AE04-018791D69D78}.Release|Any CPU.Build.0 = Release|Any CPU
		{C79EC07B-4B28-4126-AE64-1F68399BCD07}.Debug|Any CPU.ActiveCfg = Debug|Any CPU
		{C79EC07B-4B28-4126-AE64-1F68399BCD07}.Debug|Any CPU.Build.0 = Debug|Any CPU
		{C79EC07B-4B28-4126-AE64-1F68399BCD07}.Release|Any CPU.ActiveCfg = Release|Any CPU
		{C79EC07B-4B28-4126-AE64-1F68399BCD07}.Release|Any CPU.Build.0 = Release|Any CPU
		{92C31687-1449-447C-BE3F-2E4FD997DE56}.Debug|Any CPU.ActiveCfg = Debug|Any CPU
		{92C31687-1449-447C-BE3F-2E4FD997DE56}.Debug|Any CPU.Build.0 = Debug|Any CPU
		{92C31687-1449-447C-BE3F-2E4FD997DE56}.Release|Any CPU.ActiveCfg = Release|Any CPU
		{92C31687-1449-447C-BE3F-2E4FD997DE56}.Release|Any CPU.Build.0 = Release|Any CPU
		{FFC4CCB6-7180-4D81-AE2A-C8C7D654FD33}.Debug|Any CPU.ActiveCfg = Debug|Any CPU
		{FFC4CCB6-7180-4D81-AE2A-C8C7D654FD33}.Debug|Any CPU.Build.0 = Debug|Any CPU
		{FFC4CCB6-7180-4D81-AE2A-C8C7D654FD33}.Release|Any CPU.ActiveCfg = Release|Any CPU
		{FFC4CCB6-7180-4D81-AE2A-C8C7D654FD33}.Release|Any CPU.Build.0 = Release|Any CPU
	EndGlobalSection
	GlobalSection(SolutionProperties) = preSolution
		HideSolutionNode = FALSE
	EndGlobalSection
	GlobalSection(ExtensibilityGlobals) = postSolution
		SolutionGuid = {06E843B8-4AA8-4C30-A9BE-3BE7C9146A6A}
	EndGlobalSection
EndGlobal
