
Microsoft Visual Studio Solution File, Format Version 12.00
# Visual Studio Version 16
VisualStudioVersion = 16.0.31729.503
MinimumVisualStudioVersion = 10.0.40219.1
Project("{9A19103F-16F7-4668-BE54-9A1E7A4F7556}") = "T01.DayOfWeek", "T01.DayOfWeek\T01.DayOfWeek.csproj", "{96BAB385-D7AA-4E69-8F30-9463C7D520AF}"
EndProject
Project("{9A19103F-16F7-4668-BE54-9A1E7A4F7556}") = "T02.ReverseNumbers", "T02.ReverseNumbers\T02.ReverseNumbers.csproj", "{F81F4F9E-A54E-4854-9470-10C3BCE6E995}"
EndProject
Project("{9A19103F-16F7-4668-BE54-9A1E7A4F7556}") = "T03.RoundingNumbers", "T03.RoundingNumbers\T03.RoundingNumbers.csproj", "{0A97DA1E-8212-4DF5-AF12-F51B8DFE2D7F}"
EndProject
Project("{FAE04EC0-301F-11D3-BF4B-00C04F79EFBC}") = "T04.ReverseArrayOfStrings", "T04.ReverseArrayOfStrings\T04.ReverseArrayOfStrings.csproj", "{110A9652-9FC6-46BE-BED3-C1BD0C2D9F51}"
EndProject
Project("{FAE04EC0-301F-11D3-BF4B-00C04F79EFBC}") = "T05.SumOfEvenNumbers", "T05.SumOfEvenNumbers\T05.SumOfEvenNumbers.csproj", "{94A124A2-7801-4118-9F60-380BAE9951CC}"
EndProject
Project("{FAE04EC0-301F-11D3-BF4B-00C04F79EFBC}") = "T06.EvenAndOddSubtraction", "T06.EvenAndOddSubtraction\T06.EvenAndOddSubtraction.csproj", "{178E7EC4-EB6C-4987-856D-5D4391B386F7}"
EndProject
Project("{FAE04EC0-301F-11D3-BF4B-00C04F79EFBC}") = "T07.EqualArrays", "T07.EqualArrays\T07.EqualArrays.csproj", "{C492A2BA-0703-414D-9AEA-671CFD3669AD}"
EndProject
Project("{FAE04EC0-301F-11D3-BF4B-00C04F79EFBC}") = "T08.CondenseArrayToNumber", "T08.CondenseArrayToNumber\T08.CondenseArrayToNumber.csproj", "{14EA9890-8BDF-4B87-A0F9-602FF1A89C9F}"
EndProject
Global
	GlobalSection(SolutionConfigurationPlatforms) = preSolution
		Debug|Any CPU = Debug|Any CPU
		Release|Any CPU = Release|Any CPU
	EndGlobalSection
	GlobalSection(ProjectConfigurationPlatforms) = postSolution
		{96BAB385-D7AA-4E69-8F30-9463C7D520AF}.Debug|Any CPU.ActiveCfg = Debug|Any CPU
		{96BAB385-D7AA-4E69-8F30-9463C7D520AF}.Debug|Any CPU.Build.0 = Debug|Any CPU
		{96BAB385-D7AA-4E69-8F30-9463C7D520AF}.Release|Any CPU.ActiveCfg = Release|Any CPU
		{96BAB385-D7AA-4E69-8F30-9463C7D520AF}.Release|Any CPU.Build.0 = Release|Any CPU
		{F81F4F9E-A54E-4854-9470-10C3BCE6E995}.Debug|Any CPU.ActiveCfg = Debug|Any CPU
		{F81F4F9E-A54E-4854-9470-10C3BCE6E995}.Debug|Any CPU.Build.0 = Debug|Any CPU
		{F81F4F9E-A54E-4854-9470-10C3BCE6E995}.Release|Any CPU.ActiveCfg = Release|Any CPU
		{F81F4F9E-A54E-4854-9470-10C3BCE6E995}.Release|Any CPU.Build.0 = Release|Any CPU
		{0A97DA1E-8212-4DF5-AF12-F51B8DFE2D7F}.Debug|Any CPU.ActiveCfg = Debug|Any CPU
		{0A97DA1E-8212-4DF5-AF12-F51B8DFE2D7F}.Debug|Any CPU.Build.0 = Debug|Any CPU
		{0A97DA1E-8212-4DF5-AF12-F51B8DFE2D7F}.Release|Any CPU.ActiveCfg = Release|Any CPU
		{0A97DA1E-8212-4DF5-AF12-F51B8DFE2D7F}.Release|Any CPU.Build.0 = Release|Any CPU
		{110A9652-9FC6-46BE-BED3-C1BD0C2D9F51}.Debug|Any CPU.ActiveCfg = Debug|Any CPU
		{110A9652-9FC6-46BE-BED3-C1BD0C2D9F51}.Debug|Any CPU.Build.0 = Debug|Any CPU
		{110A9652-9FC6-46BE-BED3-C1BD0C2D9F51}.Release|Any CPU.ActiveCfg = Release|Any CPU
		{110A9652-9FC6-46BE-BED3-C1BD0C2D9F51}.Release|Any CPU.Build.0 = Release|Any CPU
		{94A124A2-7801-4118-9F60-380BAE9951CC}.Debug|Any CPU.ActiveCfg = Debug|Any CPU
		{94A124A2-7801-4118-9F60-380BAE9951CC}.Debug|Any CPU.Build.0 = Debug|Any CPU
		{94A124A2-7801-4118-9F60-380BAE9951CC}.Release|Any CPU.ActiveCfg = Release|Any CPU
		{94A124A2-7801-4118-9F60-380BAE9951CC}.Release|Any CPU.Build.0 = Release|Any CPU
		{178E7EC4-EB6C-4987-856D-5D4391B386F7}.Debug|Any CPU.ActiveCfg = Debug|Any CPU
		{178E7EC4-EB6C-4987-856D-5D4391B386F7}.Debug|Any CPU.Build.0 = Debug|Any CPU
		{178E7EC4-EB6C-4987-856D-5D4391B386F7}.Release|Any CPU.ActiveCfg = Release|Any CPU
		{178E7EC4-EB6C-4987-856D-5D4391B386F7}.Release|Any CPU.Build.0 = Release|Any CPU
		{C492A2BA-0703-414D-9AEA-671CFD3669AD}.Debug|Any CPU.ActiveCfg = Debug|Any CPU
		{C492A2BA-0703-414D-9AEA-671CFD3669AD}.Debug|Any CPU.Build.0 = Debug|Any CPU
		{C492A2BA-0703-414D-9AEA-671CFD3669AD}.Release|Any CPU.ActiveCfg = Release|Any CPU
		{C492A2BA-0703-414D-9AEA-671CFD3669AD}.Release|Any CPU.Build.0 = Release|Any CPU
		{14EA9890-8BDF-4B87-A0F9-602FF1A89C9F}.Debug|Any CPU.ActiveCfg = Debug|Any CPU
		{14EA9890-8BDF-4B87-A0F9-602FF1A89C9F}.Debug|Any CPU.Build.0 = Debug|Any CPU
		{14EA9890-8BDF-4B87-A0F9-602FF1A89C9F}.Release|Any CPU.ActiveCfg = Release|Any CPU
		{14EA9890-8BDF-4B87-A0F9-602FF1A89C9F}.Release|Any CPU.Build.0 = Release|Any CPU
	EndGlobalSection
	GlobalSection(SolutionProperties) = preSolution
		HideSolutionNode = FALSE
	EndGlobalSection
	GlobalSection(ExtensibilityGlobals) = postSolution
		SolutionGuid = {2244BD15-93A2-4367-AC9D-F47A70836F81}
	EndGlobalSection
EndGlobal
